
Microsoft Visual Studio Solution File, Format Version 12.00
# Visual Studio 14
VisualStudioVersion = 14.0.25420.1
MinimumVisualStudioVersion = 10.0.40219.1
Project("{2150E333-8FDC-42A3-9474-1A3956D46DE8}") = "src", "src", "{C363CB48-6225-4EB2-9476-7F0A4CE21336}"
EndProject
Project("{2150E333-8FDC-42A3-9474-1A3956D46DE8}") = "Solution Items", "Solution Items", "{7D2CB0E3-8511-4BF1-8CAB-AF186B7CD94D}"
	ProjectSection(SolutionItems) = preProject
		global.json = global.json
	EndProjectSection
EndProject
Project("{8BB2217D-0F2D-49D1-97BC-3654ED321F3B}") = "RavenDB.AspNetCore.DependencyInjection", "src\RavenDB.AspNetCore.DependencyInjection\RavenDB.AspNetCore.DependencyInjection.xproj", "{02B5DD35-35DC-4DAE-8B39-C05314E83864}"
EndProject
Project("{2150E333-8FDC-42A3-9474-1A3956D46DE8}") = "samples", "samples", "{5399A49C-3FEE-4145-8500-B4A1E06C9DBF}"
EndProject
Project("{8BB2217D-0F2D-49D1-97BC-3654ED321F3B}") = "Sample.Project", "samples\Sample.Project\Sample.Project.xproj", "{09A79638-4CE9-4045-9853-974B06987FC7}"
EndProject
Global
	GlobalSection(SolutionConfigurationPlatforms) = preSolution
		Debug|Any CPU = Debug|Any CPU
		Release|Any CPU = Release|Any CPU
	EndGlobalSection
	GlobalSection(ProjectConfigurationPlatforms) = postSolution
		{02B5DD35-35DC-4DAE-8B39-C05314E83864}.Debug|Any CPU.ActiveCfg = Debug|Any CPU
		{02B5DD35-35DC-4DAE-8B39-C05314E83864}.Debug|Any CPU.Build.0 = Debug|Any CPU
		{02B5DD35-35DC-4DAE-8B39-C05314E83864}.Release|Any CPU.ActiveCfg = Release|Any CPU
		{02B5DD35-35DC-4DAE-8B39-C05314E83864}.Release|Any CPU.Build.0 = Release|Any CPU
		{09A79638-4CE9-4045-9853-974B06987FC7}.Debug|Any CPU.ActiveCfg = Debug|Any CPU
		{09A79638-4CE9-4045-9853-974B06987FC7}.Debug|Any CPU.Build.0 = Debug|Any CPU
		{09A79638-4CE9-4045-9853-974B06987FC7}.Release|Any CPU.ActiveCfg = Release|Any CPU
		{09A79638-4CE9-4045-9853-974B06987FC7}.Release|Any CPU.Build.0 = Release|Any CPU
	EndGlobalSection
	GlobalSection(SolutionProperties) = preSolution
		HideSolutionNode = FALSE
	EndGlobalSection
	GlobalSection(NestedProjects) = preSolution
		{02B5DD35-35DC-4DAE-8B39-C05314E83864} = {C363CB48-6225-4EB2-9476-7F0A4CE21336}
		{09A79638-4CE9-4045-9853-974B06987FC7} = {5399A49C-3FEE-4145-8500-B4A1E06C9DBF}
	EndGlobalSection
EndGlobal
